// !$*UTF8*$!
{
	archiveVersion = 1;
	classes = {
	};
	objectVersion = 50;
	objects = {

/* Begin PBXBuildFile section */
		E0B060A42642052200AA9151 /* A.wav in Resources */ = {isa = PBXBuildFile; fileRef = E0B0609D2642052100AA9151 /* A.wav */; };
		E0B060A52642052200AA9151 /* G.wav in Resources */ = {isa = PBXBuildFile; fileRef = E0B0609E2642052100AA9151 /* G.wav */; };
		E0B060A62642052200AA9151 /* D.wav in Resources */ = {isa = PBXBuildFile; fileRef = E0B0609F2642052100AA9151 /* D.wav */; };
		E0B060A72642052200AA9151 /* F.wav in Resources */ = {isa = PBXBuildFile; fileRef = E0B060A02642052200AA9151 /* F.wav */; };
		E0B060A82642052200AA9151 /* B.wav in Resources */ = {isa = PBXBuildFile; fileRef = E0B060A12642052200AA9151 /* B.wav */; };
		E0B060A92642052200AA9151 /* E.wav in Resources */ = {isa = PBXBuildFile; fileRef = E0B060A22642052200AA9151 /* E.wav */; };
		E0B060AA2642052200AA9151 /* C.wav in Resources */ = {isa = PBXBuildFile; fileRef = E0B060A32642052200AA9151 /* C.wav */; };
		E0DAE02D2641F562007BEB57 /* AppDelegate.swift in Sources */ = {isa = PBXBuildFile; fileRef = E0DAE02C2641F562007BEB57 /* AppDelegate.swift */; };
		E0DAE02F2641F562007BEB57 /* SceneDelegate.swift in Sources */ = {isa = PBXBuildFile; fileRef = E0DAE02E2641F562007BEB57 /* SceneDelegate.swift */; };
		E0DAE0312641F562007BEB57 /* ViewController.swift in Sources */ = {isa = PBXBuildFile; fileRef = E0DAE0302641F562007BEB57 /* ViewController.swift */; };
		E0DAE0342641F562007BEB57 /* Main.storyboard in Resources */ = {isa = PBXBuildFile; fileRef = E0DAE0322641F562007BEB57 /* Main.storyboard */; };
		E0DAE0362641F565007BEB57 /* Assets.xcassets in Resources */ = {isa = PBXBuildFile; fileRef = E0DAE0352641F565007BEB57 /* Assets.xcassets */; };
		E0DAE0392641F565007BEB57 /* LaunchScreen.storyboard in Resources */ = {isa = PBXBuildFile; fileRef = E0DAE0372641F565007BEB57 /* LaunchScreen.storyboard */; };
/* End PBXBuildFile section */

/* Begin PBXFileReference section */
		E0B0609D2642052100AA9151 /* A.wav */ = {isa = PBXFileReference; lastKnownFileType = audio.wav; path = A.wav; sourceTree = "<group>"; };
		E0B0609E2642052100AA9151 /* G.wav */ = {isa = PBXFileReference; lastKnownFileType = audio.wav; path = G.wav; sourceTree = "<group>"; };
		E0B0609F2642052100AA9151 /* D.wav */ = {isa = PBXFileReference; lastKnownFileType = audio.wav; path = D.wav; sourceTree = "<group>"; };
		E0B060A02642052200AA9151 /* F.wav */ = {isa = PBXFileReference; lastKnownFileType = audio.wav; path = F.wav; sourceTree = "<group>"; };
		E0B060A12642052200AA9151 /* B.wav */ = {isa = PBXFileReference; lastKnownFileType = audio.wav; path = B.wav; sourceTree = "<group>"; };
		E0B060A22642052200AA9151 /* E.wav */ = {isa = PBXFileReference; lastKnownFileType = audio.wav; path = E.wav; sourceTree = "<group>"; };
		E0B060A32642052200AA9151 /* C.wav */ = {isa = PBXFileReference; lastKnownFileType = audio.wav; path = C.wav; sourceTree = "<group>"; };
		E0DAE0292641F562007BEB57 /* IPhone Xylophone.app */ = {isa = PBXFileReference; explicitFileType = wrapper.application; includeInIndex = 0; path = "IPhone Xylophone.app"; sourceTree = BUILT_PRODUCTS_DIR; };
		E0DAE02C2641F562007BEB57 /* AppDelegate.swift */ = {isa = PBXFileReference; lastKnownFileType = sourcecode.swift; path = AppDelegate.swift; sourceTree = "<group>"; };
		E0DAE02E2641F562007BEB57 /* SceneDelegate.swift */ = {isa = PBXFileReference; lastKnownFileType = sourcecode.swift; path = SceneDelegate.swift; sourceTree = "<group>"; };
		E0DAE0302641F562007BEB57 /* ViewController.swift */ = {isa = PBXFileReference; lastKnownFileType = sourcecode.swift; path = ViewController.swift; sourceTree = "<group>"; };
		E0DAE0332641F562007BEB57 /* Base */ = {isa = PBXFileReference; lastKnownFileType = file.storyboard; name = Base; path = Base.lproj/Main.storyboard; sourceTree = "<group>"; };
		E0DAE0352641F565007BEB57 /* Assets.xcassets */ = {isa = PBXFileReference; lastKnownFileType = folder.assetcatalog; path = Assets.xcassets; sourceTree = "<group>"; };
		E0DAE0382641F565007BEB57 /* Base */ = {isa = PBXFileReference; lastKnownFileType = file.storyboard; name = Base; path = Base.lproj/LaunchScreen.storyboard; sourceTree = "<group>"; };
		E0DAE03A2641F565007BEB57 /* Info.plist */ = {isa = PBXFileReference; lastKnownFileType = text.plist.xml; path = Info.plist; sourceTree = "<group>"; };
/* End PBXFileReference section */

/* Begin PBXFrameworksBuildPhase section */
		E0DAE0262641F562007BEB57 /* Frameworks */ = {
			isa = PBXFrameworksBuildPhase;
			buildActionMask = 2147483647;
			files = (
			);
			runOnlyForDeploymentPostprocessing = 0;
		};
/* End PBXFrameworksBuildPhase section */

/* Begin PBXGroup section */
		E0B0608E2641F77900AA9151 /* Sounds */ = {
			isa = PBXGroup;
			children = (
				E0B0609D2642052100AA9151 /* A.wav */,
				E0B060A12642052200AA9151 /* B.wav */,
				E0B060A32642052200AA9151 /* C.wav */,
				E0B0609F2642052100AA9151 /* D.wav */,
				E0B060A22642052200AA9151 /* E.wav */,
				E0B060A02642052200AA9151 /* F.wav */,
				E0B0609E2642052100AA9151 /* G.wav */,
			);
			path = Sounds;
			sourceTree = "<group>";
		};
		E0DAE0202641F562007BEB57 = {
			isa = PBXGroup;
			children = (
				E0DAE02B2641F562007BEB57 /* IPhone Xylophone */,
				E0DAE02A2641F562007BEB57 /* Products */,
			);
			sourceTree = "<group>";
		};
		E0DAE02A2641F562007BEB57 /* Products */ = {
			isa = PBXGroup;
			children = (
				E0DAE0292641F562007BEB57 /* IPhone Xylophone.app */,
			);
			name = Products;
			sourceTree = "<group>";
		};
		E0DAE02B2641F562007BEB57 /* IPhone Xylophone */ = {
			isa = PBXGroup;
			children = (
				E0B0608E2641F77900AA9151 /* Sounds */,
				E0DAE02C2641F562007BEB57 /* AppDelegate.swift */,
				E0DAE02E2641F562007BEB57 /* SceneDelegate.swift */,
				E0DAE0302641F562007BEB57 /* ViewController.swift */,
				E0DAE0322641F562007BEB57 /* Main.storyboard */,
				E0DAE0352641F565007BEB57 /* Assets.xcassets */,
				E0DAE0372641F565007BEB57 /* LaunchScreen.storyboard */,
				E0DAE03A2641F565007BEB57 /* Info.plist */,
			);
			path = "IPhone Xylophone";
			sourceTree = "<group>";
		};
/* End PBXGroup section */

/* Begin PBXNativeTarget section */
		E0DAE0282641F562007BEB57 /* IPhone Xylophone */ = {
			isa = PBXNativeTarget;
			buildConfigurationList = E0DAE03D2641F565007BEB57 /* Build configuration list for PBXNativeTarget "IPhone Xylophone" */;
			buildPhases = (
				E0DAE0252641F562007BEB57 /* Sources */,
				E0DAE0262641F562007BEB57 /* Frameworks */,
				E0DAE0272641F562007BEB57 /* Resources */,
			);
			buildRules = (
			);
			dependencies = (
			);
			name = "IPhone Xylophone";
			productName = "IPhone Xylophone";
			productReference = E0DAE0292641F562007BEB57 /* IPhone Xylophone.app */;
			productType = "com.apple.product-type.application";
		};
/* End PBXNativeTarget section */

/* Begin PBXProject section */
		E0DAE0212641F562007BEB57 /* Project object */ = {
			isa = PBXProject;
			attributes = {
				LastSwiftUpdateCheck = 1250;
				LastUpgradeCheck = 1250;
				TargetAttributes = {
					E0DAE0282641F562007BEB57 = {
						CreatedOnToolsVersion = 12.5;
					};
				};
			};
			buildConfigurationList = E0DAE0242641F562007BEB57 /* Build configuration list for PBXProject "IPhone Xylophone" */;
			compatibilityVersion = "Xcode 9.3";
			developmentRegion = en;
			hasScannedForEncodings = 0;
			knownRegions = (
				en,
				Base,
			);
			mainGroup = E0DAE0202641F562007BEB57;
			productRefGroup = E0DAE02A2641F562007BEB57 /* Products */;
			projectDirPath = "";
			projectRoot = "";
			targets = (
				E0DAE0282641F562007BEB57 /* IPhone Xylophone */,
			);
		};
/* End PBXProject section */

/* Begin PBXResourcesBuildPhase section */
		E0DAE0272641F562007BEB57 /* Resources */ = {
			isa = PBXResourcesBuildPhase;
			buildActionMask = 2147483647;
			files = (
				E0DAE0392641F565007BEB57 /* LaunchScreen.storyboard in Resources */,
				E0B060A72642052200AA9151 /* F.wav in Resources */,
				E0B060A52642052200AA9151 /* G.wav in Resources */,
				E0B060A82642052200AA9151 /* B.wav in Resources */,
				E0B060AA2642052200AA9151 /* C.wav in Resources */,
				E0DAE0362641F565007BEB57 /* Assets.xcassets in Resources */,
				E0B060A62642052200AA9151 /* D.wav in Resources */,
				E0B060A92642052200AA9151 /* E.wav in Resources */,
				E0B060A42642052200AA9151 /* A.wav in Resources */,
				E0DAE0342641F562007BEB57 /* Main.storyboard in Resources */,
			);
			runOnlyForDeploymentPostprocessing = 0;
		};
/* End PBXResourcesBuildPhase section */

/* Begin PBXSourcesBuildPhase section */
		E0DAE0252641F562007BEB57 /* Sources */ = {
			isa = PBXSourcesBuildPhase;
			buildActionMask = 2147483647;
			files = (
				E0DAE0312641F562007BEB57 /* ViewController.swift in Sources */,
				E0DAE02D2641F562007BEB57 /* AppDelegate.swift in Sources */,
				E0DAE02F2641F562007BEB57 /* SceneDelegate.swift in Sources */,
			);
			runOnlyForDeploymentPostprocessing = 0;
		};
/* End PBXSourcesBuildPhase section */

/* Begin PBXVariantGroup section */
		E0DAE0322641F562007BEB57 /* Main.storyboard */ = {
			isa = PBXVariantGroup;
			children = (
				E0DAE0332641F562007BEB57 /* Base */,
			);
			name = Main.storyboard;
			sourceTree = "<group>";
		};
		E0DAE0372641F565007BEB57 /* LaunchScreen.storyboard */ = {
			isa = PBXVariantGroup;
			children = (
				E0DAE0382641F565007BEB57 /* Base */,
			);
			name = LaunchScreen.storyboard;
			sourceTree = "<group>";
		};
/* End PBXVariantGroup section */

/* Begin XCBuildConfiguration section */
		E0DAE03B2641F565007BEB57 /* Debug */ = {
			isa = XCBuildConfiguration;
			buildSettings = {
				ALWAYS_SEARCH_USER_PATHS = NO;
				CLANG_ANALYZER_NONNULL = YES;
				CLANG_ANALYZER_NUMBER_OBJECT_CONVERSION = YES_AGGRESSIVE;
				CLANG_CXX_LANGUAGE_STANDARD = "gnu++14";
				CLANG_CXX_LIBRARY = "libc++";
				CLANG_ENABLE_MODULES = YES;
				CLANG_ENABLE_OBJC_ARC = YES;
				CLANG_ENABLE_OBJC_WEAK = YES;
				CLANG_WARN_BLOCK_CAPTURE_AUTORELEASING = YES;
				CLANG_WARN_BOOL_CONVERSION = YES;
				CLANG_WARN_COMMA = YES;
				CLANG_WARN_CONSTANT_CONVERSION = YES;
				CLANG_WARN_DEPRECATED_OBJC_IMPLEMENTATIONS = YES;
				CLANG_WARN_DIRECT_OBJC_ISA_USAGE = YES_ERROR;
				CLANG_WARN_DOCUMENTATION_COMMENTS = YES;
				CLANG_WARN_EMPTY_BODY = YES;
				CLANG_WARN_ENUM_CONVERSION = YES;
				CLANG_WARN_INFINITE_RECURSION = YES;
				CLANG_WARN_INT_CONVERSION = YES;
				CLANG_WARN_NON_LITERAL_NULL_CONVERSION = YES;
				CLANG_WARN_OBJC_IMPLICIT_RETAIN_SELF = YES;
				CLANG_WARN_OBJC_LITERAL_CONVERSION = YES;
				CLANG_WARN_OBJC_ROOT_CLASS = YES_ERROR;
				CLANG_WARN_QUOTED_INCLUDE_IN_FRAMEWORK_HEADER = YES;
				CLANG_WARN_RANGE_LOOP_ANALYSIS = YES;
				CLANG_WARN_STRICT_PROTOTYPES = YES;
				CLANG_WARN_SUSPICIOUS_MOVE = YES;
				CLANG_WARN_UNGUARDED_AVAILABILITY = YES_AGGRESSIVE;
				CLANG_WARN_UNREACHABLE_CODE = YES;
				CLANG_WARN__DUPLICATE_METHOD_MATCH = YES;
				COPY_PHASE_STRIP = NO;
				DEBUG_INFORMATION_FORMAT = dwarf;
				ENABLE_STRICT_OBJC_MSGSEND = YES;
				ENABLE_TESTABILITY = YES;
				GCC_C_LANGUAGE_STANDARD = gnu11;
				GCC_DYNAMIC_NO_PIC = NO;
				GCC_NO_COMMON_BLOCKS = YES;
				GCC_OPTIMIZATION_LEVEL = 0;
				GCC_PREPROCESSOR_DEFINITIONS = (
					"DEBUG=1",
					"$(inherited)",
				);
				GCC_WARN_64_TO_32_BIT_CONVERSION = YES;
				GCC_WARN_ABOUT_RETURN_TYPE = YES_ERROR;
				GCC_WARN_UNDECLARED_SELECTOR = YES;
				GCC_WARN_UNINITIALIZED_AUTOS = YES_AGGRESSIVE;
				GCC_WARN_UNUSED_FUNCTION = YES;
				GCC_WARN_UNUSED_VARIABLE = YES;
				IPHONEOS_DEPLOYMENT_TARGET = 14.5;
				MTL_ENABLE_DEBUG_INFO = INCLUDE_SOURCE;
				MTL_FAST_MATH = YES;
				ONLY_ACTIVE_ARCH = YES;
				SDKROOT = iphoneos;
				SWIFT_ACTIVE_COMPILATION_CONDITIONS = DEBUG;
				SWIFT_OPTIMIZATION_LEVEL = "-Onone";
			};
			name = Debug;
		};
		E0DAE03C2641F565007BEB57 /* Release */ = {
			isa = XCBuildConfiguration;
			buildSettings = {
				ALWAYS_SEARCH_USER_PATHS = NO;
				CLANG_ANALYZER_NONNULL = YES;
				CLANG_ANALYZER_NUMBER_OBJECT_CONVERSION = YES_AGGRESSIVE;
				CLANG_CXX_LANGUAGE_STANDARD = "gnu++14";
				CLANG_CXX_LIBRARY = "libc++";
				CLANG_ENABLE_MODULES = YES;
				CLANG_ENABLE_OBJC_ARC = YES;
				CLANG_ENABLE_OBJC_WEAK = YES;
				CLANG_WARN_BLOCK_CAPTURE_AUTORELEASING = YES;
				CLANG_WARN_BOOL_CONVERSION = YES;
				CLANG_WARN_COMMA = YES;
				CLANG_WARN_CONSTANT_CONVERSION = YES;
				CLANG_WARN_DEPRECATED_OBJC_IMPLEMENTATIONS = YES;
				CLANG_WARN_DIRECT_OBJC_ISA_USAGE = YES_ERROR;
				CLANG_WARN_DOCUMENTATION_COMMENTS = YES;
				CLANG_WARN_EMPTY_BODY = YES;
				CLANG_WARN_ENUM_CONVERSION = YES;
				CLANG_WARN_INFINITE_RECURSION = YES;
				CLANG_WARN_INT_CONVERSION = YES;
				CLANG_WARN_NON_LITERAL_NULL_CONVERSION = YES;
				CLANG_WARN_OBJC_IMPLICIT_RETAIN_SELF = YES;
				CLANG_WARN_OBJC_LITERAL_CONVERSION = YES;
				CLANG_WARN_OBJC_ROOT_CLASS = YES_ERROR;
				CLANG_WARN_QUOTED_INCLUDE_IN_FRAMEWORK_HEADER = YES;
				CLANG_WARN_RANGE_LOOP_ANALYSIS = YES;
				CLANG_WARN_STRICT_PROTOTYPES = YES;
				CLANG_WARN_SUSPICIOUS_MOVE = YES;
				CLANG_WARN_UNGUARDED_AVAILABILITY = YES_AGGRESSIVE;
				CLANG_WARN_UNREACHABLE_CODE = YES;
				CLANG_WARN__DUPLICATE_METHOD_MATCH = YES;
				COPY_PHASE_STRIP = NO;
				DEBUG_INFORMATION_FORMAT = "dwarf-with-dsym";
				ENABLE_NS_ASSERTIONS = NO;
				ENABLE_STRICT_OBJC_MSGSEND = YES;
				GCC_C_LANGUAGE_STANDARD = gnu11;
				GCC_NO_COMMON_BLOCKS = YES;
				GCC_WARN_64_TO_32_BIT_CONVERSION = YES;
				GCC_WARN_ABOUT_RETURN_TYPE = YES_ERROR;
				GCC_WARN_UNDECLARED_SELECTOR = YES;
				GCC_WARN_UNINITIALIZED_AUTOS = YES_AGGRESSIVE;
				GCC_WARN_UNUSED_FUNCTION = YES;
				GCC_WARN_UNUSED_VARIABLE = YES;
				IPHONEOS_DEPLOYMENT_TARGET = 14.5;
				MTL_ENABLE_DEBUG_INFO = NO;
				MTL_FAST_MATH = YES;
				SDKROOT = iphoneos;
				SWIFT_COMPILATION_MODE = wholemodule;
				SWIFT_OPTIMIZATION_LEVEL = "-O";
				VALIDATE_PRODUCT = YES;
			};
			name = Release;
		};
		E0DAE03E2641F565007BEB57 /* Debug */ = {
			isa = XCBuildConfiguration;
			buildSettings = {
				ASSETCATALOG_COMPILER_APPICON_NAME = AppIcon;
				ASSETCATALOG_COMPILER_GLOBAL_ACCENT_COLOR_NAME = AccentColor;
				CODE_SIGN_STYLE = Automatic;
				DEVELOPMENT_TEAM = 8XP6NDNQ58;
				INFOPLIST_FILE = "IPhone Xylophone/Info.plist";
				LD_RUNPATH_SEARCH_PATHS = (
					"$(inherited)",
					"@executable_path/Frameworks",
				);
				PRODUCT_BUNDLE_IDENTIFIER = "com.smitdesai16.IPhone-Xylophone";
				PRODUCT_NAME = "$(TARGET_NAME)";
				SWIFT_VERSION = 5.0;
				TARGETED_DEVICE_FAMILY = 1;
			};
			name = Debug;
		};
		E0DAE03F2641F565007BEB57 /* Release */ = {
			isa = XCBuildConfiguration;
			buildSettings = {
				ASSETCATALOG_COMPILER_APPICON_NAME = AppIcon;
				ASSETCATALOG_COMPILER_GLOBAL_ACCENT_COLOR_NAME = AccentColor;
				CODE_SIGN_STYLE = Automatic;
				DEVELOPMENT_TEAM = 8XP6NDNQ58;
				INFOPLIST_FILE = "IPhone Xylophone/Info.plist";
				LD_RUNPATH_SEARCH_PATHS = (
					"$(inherited)",
					"@executable_path/Frameworks",
				);
				PRODUCT_BUNDLE_IDENTIFIER = "com.smitdesai16.IPhone-Xylophone";
				PRODUCT_NAME = "$(TARGET_NAME)";
				SWIFT_VERSION = 5.0;
				TARGETED_DEVICE_FAMILY = 1;
			};
			name = Release;
		};
/* End XCBuildConfiguration section */

/* Begin XCConfigurationList section */
		E0DAE0242641F562007BEB57 /* Build configuration list for PBXProject "IPhone Xylophone" */ = {
			isa = XCConfigurationList;
			buildConfigurations = (
				E0DAE03B2641F565007BEB57 /* Debug */,
				E0DAE03C2641F565007BEB57 /* Release */,
			);
			defaultConfigurationIsVisible = 0;
			defaultConfigurationName = Release;
		};
		E0DAE03D2641F565007BEB57 /* Build configuration list for PBXNativeTarget "IPhone Xylophone" */ = {
			isa = XCConfigurationList;
			buildConfigurations = (
				E0DAE03E2641F565007BEB57 /* Debug */,
				E0DAE03F2641F565007BEB57 /* Release */,
			);
			defaultConfigurationIsVisible = 0;
			defaultConfigurationName = Release;
		};
/* End XCConfigurationList section */
	};
	rootObject = E0DAE0212641F562007BEB57 /* Project object */;
}
